
Microsoft Visual Studio Solution File, Format Version 12.00
# Visual Studio Version 16
VisualStudioVersion = 16.0.31424.327
MinimumVisualStudioVersion = 10.0.40219.1
Project("{FAE04EC0-301F-11D3-BF4B-00C04F79EFBC}") = "AutoLogDataReader", "AutoLogDataReader.csproj", "{982EE59D-2528-42DF-91B9-F1F87325DAF9}"
EndProject
Global
	GlobalSection(SolutionConfigurationPlatforms) = preSolution
		Debug|Any CPU = Debug|Any CPU
		Release|Any CPU = Release|Any CPU
	EndGlobalSection
	GlobalSection(ProjectConfigurationPlatforms) = postSolution
		{982EE59D-2528-42DF-91B9-F1F87325DAF9}.Debug|Any CPU.ActiveCfg = Debug|Any CPU
		{982EE59D-2528-42DF-91B9-F1F87325DAF9}.Debug|Any CPU.Build.0 = Debug|Any CPU
		{982EE59D-2528-42DF-91B9-F1F87325DAF9}.Release|Any CPU.ActiveCfg = Release|Any CPU
		{982EE59D-2528-42DF-91B9-F1F87325DAF9}.Release|Any CPU.Build.0 = Release|Any CPU
	EndGlobalSection
	GlobalSection(SolutionProperties) = preSolution
		HideSolutionNode = FALSE
	EndGlobalSection
	GlobalSection(ExtensibilityGlobals) = postSolution
		SolutionGuid = {5381563A-3B3A-41A5-809A-B8B17A3974E9}
	EndGlobalSection
EndGlobal
